
Microsoft Visual Studio Solution File, Format Version 12.00
# Visual Studio Version 17
VisualStudioVersion = 17.5.33424.131
MinimumVisualStudioVersion = 10.0.40219.1
Project("{FAE04EC0-301F-11D3-BF4B-00C04F79EFBC}") = "Odev5", "Odev5\Odev5.csproj", "{D3CFF941-B2B6-41E4-BDAE-336896356ED7}"
EndProject
Global
	GlobalSection(SolutionConfigurationPlatforms) = preSolution
		Debug|Any CPU = Debug|Any CPU
		Release|Any CPU = Release|Any CPU
	EndGlobalSection
	GlobalSection(ProjectConfigurationPlatforms) = postSolution
		{D3CFF941-B2B6-41E4-BDAE-336896356ED7}.Debug|Any CPU.ActiveCfg = Debug|Any CPU
		{D3CFF941-B2B6-41E4-BDAE-336896356ED7}.Debug|Any CPU.Build.0 = Debug|Any CPU
		{D3CFF941-B2B6-41E4-BDAE-336896356ED7}.Release|Any CPU.ActiveCfg = Release|Any CPU
		{D3CFF941-B2B6-41E4-BDAE-336896356ED7}.Release|Any CPU.Build.0 = Release|Any CPU
	EndGlobalSection
	GlobalSection(SolutionProperties) = preSolution
		HideSolutionNode = FALSE
	EndGlobalSection
	GlobalSection(ExtensibilityGlobals) = postSolution
		SolutionGuid = {95AD109F-BDDF-455A-8B6A-35C38E26A6FE}
	EndGlobalSection
EndGlobal
